github.com/vyberd/input v0.0.0-20230508132931-e9d015a74885 h1:vOuuGvWj7u0P8/3QGSoHbfMUcEEdgSth3cXDdDwBujA=
github.com/vyberd/input v0.0.0-20230508132931-e9d015a74885/go.mod h1:lKoNydETxJy2pc8bMw9REk9H+KrBkjsI6Ia9kLBjAJQ=
github.com/vyberd/input v0.0.0-20230508133017-87685c9124ad h1:MViWjWzCjSMSunCpqSgcqJC9E2PaswZpwOYdWiAiSKg=
github.com/vyberd/input v0.0.0-20230508133017-87685c9124ad/go.mod h1:W5XuaQoudaMhezkfHsaNdzGKkxrpw7SsOJvQYUTW7DU=
github.com/vyberd/input v0.0.0-20230511063855-883db6f2b441 h1:6fxfMkoevbBkCzSONlUMa6DB+vPqqzaKOyu5K1K7I2c=
github.com/vyberd/input v0.0.0-20230511063855-883db6f2b441/go.mod h1:W5XuaQoudaMhezkfHsaNdzGKkxrpw7SsOJvQYUTW7DU=
github.com/vyberd/input v0.0.0-20230513051610-1ad0a1ebb294 h1:4UTrYMIbq/2u6z15GiozlGxAGjd12a7i2UFwGzWUAwE=
github.com/vyberd/input v0.0.0-20230513051610-1ad0a1ebb294/go.mod h1:W5XuaQoudaMhezkfHsaNdzGKkxrpw7SsOJvQYUTW7DU=
github.com/vyberd/input v0.0.0-20230513063913-fda580e86be9 h1:714MVF2yubKBLsqQOCHxfklFQ8R2kOijd/UoDhOjjeg=
github.com/vyberd/input v0.0.0-20230513063913-fda580e86be9/go.mod h1:W5XuaQoudaMhezkfHsaNdzGKkxrpw7SsOJvQYUTW7DU=
github.com/vyberd/input v0.0.0-20230513064707-7de2959a1117 h1:Hn6INhog/z+1c1Lk/oT+LXv+R9cO51VEVX64EYWxLgE=
github.com/vyberd/input v0.0.0-20230513064707-7de2959a1117/go.mod h1:W5XuaQoudaMhezkfHsaNdzGKkxrpw7SsOJvQYUTW7DU=
github.com/vyberd/input v0.0.0-20230521095803-e7f93492ad62 h1:pwk0K4ig5av3veIDJ2ntUNSxDzefq1Pao7fVo+AacbQ=
github.com/vyberd/input v0.0.0-20230521095803-e7f93492ad62/go.mod h1:W5XuaQoudaMhezkfHsaNdzGKkxrpw7SsOJvQYUTW7DU=
