github.com/vyberd/input v0.0.0-20230508132931-e9d015a74885 h1:vOuuGvWj7u0P8/3QGSoHbfMUcEEdgSth3cXDdDwBujA=
github.com/vyberd/input v0.0.0-20230508132931-e9d015a74885/go.mod h1:lKoNydETxJy2pc8bMw9REk9H+KrBkjsI6Ia9kLBjAJQ=
github.com/vyberd/input v0.0.0-20230508133017-87685c9124ad h1:MViWjWzCjSMSunCpqSgcqJC9E2PaswZpwOYdWiAiSKg=
github.com/vyberd/input v0.0.0-20230508133017-87685c9124ad/go.mod h1:W5XuaQoudaMhezkfHsaNdzGKkxrpw7SsOJvQYUTW7DU=
